
Microsoft Visual Studio Solution File, Format Version 12.00
# Visual Studio 2012
Project("{FAE04EC0-301F-11D3-BF4B-00C04F79EFBC}") = "Room Tempture simulator", "Room Tempture simulator\Room Tempture simulator.csproj", "{930C8322-EB7D-46E0-9849-7AC40347197D}"
EndProject
Global
	GlobalSection(SolutionConfigurationPlatforms) = preSolution
		Debug|Any CPU = Debug|Any CPU
		Release|Any CPU = Release|Any CPU
	EndGlobalSection
	GlobalSection(ProjectConfigurationPlatforms) = postSolution
		{930C8322-EB7D-46E0-9849-7AC40347197D}.Debug|Any CPU.ActiveCfg = Debug|Any CPU
		{930C8322-EB7D-46E0-9849-7AC40347197D}.Debug|Any CPU.Build.0 = Debug|Any CPU
		{930C8322-EB7D-46E0-9849-7AC40347197D}.Release|Any CPU.ActiveCfg = Release|Any CPU
		{930C8322-EB7D-46E0-9849-7AC40347197D}.Release|Any CPU.Build.0 = Release|Any CPU
	EndGlobalSection
	GlobalSection(SolutionProperties) = preSolution
		HideSolutionNode = FALSE
	EndGlobalSection
EndGlobal
